// !$*UTF8*$!
{
	archiveVersion = 1;
	classes = {
	};
	objectVersion = 46;
	objects = {

/* Begin PBXBuildFile section */
		4D73B7EE192BB60F00BBE357 /* main.c in Sources */ = {isa = PBXBuildFile; fileRef = 4D73B7ED192BB60F00BBE357 /* main.c */; };
		4D73B7F0192BB60F00BBE357 /* cudaKmeans.1 in CopyFiles */ = {isa = PBXBuildFile; fileRef = 4D73B7EF192BB60F00BBE357 /* cudaKmeans.1 */; };
/* End PBXBuildFile section */

/* Begin PBXCopyFilesBuildPhase section */
		4D73B7E8192BB60F00BBE357 /* CopyFiles */ = {
			isa = PBXCopyFilesBuildPhase;
			buildActionMask = 2147483647;
			dstPath = /usr/share/man/man1/;
			dstSubfolderSpec = 0;
			files = (
				4D73B7F0192BB60F00BBE357 /* cudaKmeans.1 in CopyFiles */,
			);
			runOnlyForDeploymentPostprocessing = 1;
		};
/* End PBXCopyFilesBuildPhase section */

/* Begin PBXFileReference section */
		4D73B7EA192BB60F00BBE357 /* cudaKmeans */ = {isa = PBXFileReference; explicitFileType = "compiled.mach-o.executable"; includeInIndex = 0; path = cudaKmeans; sourceTree = BUILT_PRODUCTS_DIR; };
		4D73B7ED192BB60F00BBE357 /* main.c */ = {isa = PBXFileReference; lastKnownFileType = sourcecode.c.c; path = main.c; sourceTree = "<group>"; };
		4D73B7EF192BB60F00BBE357 /* cudaKmeans.1 */ = {isa = PBXFileReference; lastKnownFileType = text.man; path = cudaKmeans.1; sourceTree = "<group>"; };
/* End PBXFileReference section */

/* Begin PBXFrameworksBuildPhase section */
		4D73B7E7192BB60F00BBE357 /* Frameworks */ = {
			isa = PBXFrameworksBuildPhase;
			buildActionMask = 2147483647;
			files = (
			);
			runOnlyForDeploymentPostprocessing = 0;
		};
/* End PBXFrameworksBuildPhase section */

/* Begin PBXGroup section */
		4D73B7E1192BB60E00BBE357 = {
			isa = PBXGroup;
			children = (
				4D73B7EC192BB60F00BBE357 /* cudaKmeans */,
				4D73B7EB192BB60F00BBE357 /* Products */,
			);
			sourceTree = "<group>";
		};
		4D73B7EB192BB60F00BBE357 /* Products */ = {
			isa = PBXGroup;
			children = (
				4D73B7EA192BB60F00BBE357 /* cudaKmeans */,
			);
			name = Products;
			sourceTree = "<group>";
		};
		4D73B7EC192BB60F00BBE357 /* cudaKmeans */ = {
			isa = PBXGroup;
			children = (
				4D73B7ED192BB60F00BBE357 /* main.c */,
				4D73B7EF192BB60F00BBE357 /* cudaKmeans.1 */,
			);
			path = cudaKmeans;
			sourceTree = "<group>";
		};
/* End PBXGroup section */

/* Begin PBXNativeTarget section */
		4D73B7E9192BB60F00BBE357 /* cudaKmeans */ = {
			isa = PBXNativeTarget;
			buildConfigurationList = 4D73B7F3192BB60F00BBE357 /* Build configuration list for PBXNativeTarget "cudaKmeans" */;
			buildPhases = (
				4D73B7E6192BB60F00BBE357 /* Sources */,
				4D73B7E7192BB60F00BBE357 /* Frameworks */,
				4D73B7E8192BB60F00BBE357 /* CopyFiles */,
			);
			buildRules = (
			);
			dependencies = (
			);
			name = cudaKmeans;
			productName = cudaKmeans;
			productReference = 4D73B7EA192BB60F00BBE357 /* cudaKmeans */;
			productType = "com.apple.product-type.tool";
		};
/* End PBXNativeTarget section */

/* Begin PBXProject section */
		4D73B7E2192BB60E00BBE357 /* Project object */ = {
			isa = PBXProject;
			attributes = {
				LastUpgradeCheck = 0510;
				ORGANIZATIONNAME = __Grupo215AAC__;
			};
			buildConfigurationList = 4D73B7E5192BB60E00BBE357 /* Build configuration list for PBXProject "cudaKmeans" */;
			compatibilityVersion = "Xcode 3.2";
			developmentRegion = English;
			hasScannedForEncodings = 0;
			knownRegions = (
				en,
			);
			mainGroup = 4D73B7E1192BB60E00BBE357;
			productRefGroup = 4D73B7EB192BB60F00BBE357 /* Products */;
			projectDirPath = "";
			projectRoot = "";
			targets = (
				4D73B7E9192BB60F00BBE357 /* cudaKmeans */,
			);
		};
/* End PBXProject section */

/* Begin PBXSourcesBuildPhase section */
		4D73B7E6192BB60F00BBE357 /* Sources */ = {
			isa = PBXSourcesBuildPhase;
			buildActionMask = 2147483647;
			files = (
				4D73B7EE192BB60F00BBE357 /* main.c in Sources */,
			);
			runOnlyForDeploymentPostprocessing = 0;
		};
/* End PBXSourcesBuildPhase section */

/* Begin XCBuildConfiguration section */
		4D73B7F1192BB60F00BBE357 /* Debug */ = {
			isa = XCBuildConfiguration;
			buildSettings = {
				ALWAYS_SEARCH_USER_PATHS = NO;
				CLANG_CXX_LANGUAGE_STANDARD = "gnu++0x";
				CLANG_CXX_LIBRARY = "libc++";
				CLANG_ENABLE_MODULES = YES;
				CLANG_ENABLE_OBJC_ARC = YES;
				CLANG_WARN_BOOL_CONVERSION = YES;
				CLANG_WARN_CONSTANT_CONVERSION = YES;
				CLANG_WARN_DIRECT_OBJC_ISA_USAGE = YES_ERROR;
				CLANG_WARN_EMPTY_BODY = YES;
				CLANG_WARN_ENUM_CONVERSION = YES;
				CLANG_WARN_INT_CONVERSION = YES;
				CLANG_WARN_OBJC_ROOT_CLASS = YES_ERROR;
				CLANG_WARN__DUPLICATE_METHOD_MATCH = YES;
				COPY_PHASE_STRIP = NO;
				GCC_C_LANGUAGE_STANDARD = gnu99;
				GCC_DYNAMIC_NO_PIC = NO;
				GCC_ENABLE_OBJC_EXCEPTIONS = YES;
				GCC_OPTIMIZATION_LEVEL = 0;
				GCC_PREPROCESSOR_DEFINITIONS = (
					"DEBUG=1",
					"$(inherited)",
				);
				GCC_SYMBOLS_PRIVATE_EXTERN = NO;
				GCC_WARN_64_TO_32_BIT_CONVERSION = YES;
				GCC_WARN_ABOUT_RETURN_TYPE = YES_ERROR;
				GCC_WARN_UNDECLARED_SELECTOR = YES;
				GCC_WARN_UNINITIALIZED_AUTOS = YES_AGGRESSIVE;
				GCC_WARN_UNUSED_FUNCTION = YES;
				GCC_WARN_UNUSED_VARIABLE = YES;
				MACOSX_DEPLOYMENT_TARGET = 10.9;
				ONLY_ACTIVE_ARCH = YES;
				SDKROOT = macosx;
			};
			name = Debug;
		};
		4D73B7F2192BB60F00BBE357 /* Release */ = {
			isa = XCBuildConfiguration;
			buildSettings = {
				ALWAYS_SEARCH_USER_PATHS = NO;
				CLANG_CXX_LANGUAGE_STANDARD = "gnu++0x";
				CLANG_CXX_LIBRARY = "libc++";
				CLANG_ENABLE_MODULES = YES;
				CLANG_ENABLE_OBJC_ARC = YES;
				CLANG_WARN_BOOL_CONVERSION = YES;
				CLANG_WARN_CONSTANT_CONVERSION = YES;
				CLANG_WARN_DIRECT_OBJC_ISA_USAGE = YES_ERROR;
				CLANG_WARN_EMPTY_BODY = YES;
				CLANG_WARN_ENUM_CONVERSION = YES;
				CLANG_WARN_INT_CONVERSION = YES;
				CLANG_WARN_OBJC_ROOT_CLASS = YES_ERROR;
				CLANG_WARN__DUPLICATE_METHOD_MATCH = YES;
				COPY_PHASE_STRIP = YES;
				DEBUG_INFORMATION_FORMAT = "dwarf-with-dsym";
				ENABLE_NS_ASSERTIONS = NO;
				GCC_C_LANGUAGE_STANDARD = gnu99;
				GCC_ENABLE_OBJC_EXCEPTIONS = YES;
				GCC_WARN_64_TO_32_BIT_CONVERSION = YES;
				GCC_WARN_ABOUT_RETURN_TYPE = YES_ERROR;
				GCC_WARN_UNDECLARED_SELECTOR = YES;
				GCC_WARN_UNINITIALIZED_AUTOS = YES_AGGRESSIVE;
				GCC_WARN_UNUSED_FUNCTION = YES;
				GCC_WARN_UNUSED_VARIABLE = YES;
				MACOSX_DEPLOYMENT_TARGET = 10.9;
				SDKROOT = macosx;
			};
			name = Release;
		};
		4D73B7F4192BB60F00BBE357 /* Debug */ = {
			isa = XCBuildConfiguration;
			buildSettings = {
				PRODUCT_NAME = "$(TARGET_NAME)";
			};
			name = Debug;
		};
		4D73B7F5192BB60F00BBE357 /* Release */ = {
			isa = XCBuildConfiguration;
			buildSettings = {
				PRODUCT_NAME = "$(TARGET_NAME)";
			};
			name = Release;
		};
/* End XCBuildConfiguration section */

/* Begin XCConfigurationList section */
		4D73B7E5192BB60E00BBE357 /* Build configuration list for PBXProject "cudaKmeans" */ = {
			isa = XCConfigurationList;
			buildConfigurations = (
				4D73B7F1192BB60F00BBE357 /* Debug */,
				4D73B7F2192BB60F00BBE357 /* Release */,
			);
			defaultConfigurationIsVisible = 0;
			defaultConfigurationName = Release;
		};
		4D73B7F3192BB60F00BBE357 /* Build configuration list for PBXNativeTarget "cudaKmeans" */ = {
			isa = XCConfigurationList;
			buildConfigurations = (
				4D73B7F4192BB60F00BBE357 /* Debug */,
				4D73B7F5192BB60F00BBE357 /* Release */,
			);
			defaultConfigurationIsVisible = 0;
		};
/* End XCConfigurationList section */
	};
	rootObject = 4D73B7E2192BB60E00BBE357 /* Project object */;
}
